
Microsoft Visual Studio Solution File, Format Version 12.00
# Visual Studio 15
VisualStudioVersion = 15.0.28307.779
MinimumVisualStudioVersion = 10.0.40219.1
Project("{FAE04EC0-301F-11D3-BF4B-00C04F79EFBC}") = "WhileConsole2", "WhileConsole2\WhileConsole2.csproj", "{8131B4D5-9FCC-462A-B56D-53DA250658CD}"
EndProject
Global
	GlobalSection(SolutionConfigurationPlatforms) = preSolution
		Debug|Any CPU = Debug|Any CPU
		Release|Any CPU = Release|Any CPU
	EndGlobalSection
	GlobalSection(ProjectConfigurationPlatforms) = postSolution
		{8131B4D5-9FCC-462A-B56D-53DA250658CD}.Debug|Any CPU.ActiveCfg = Debug|Any CPU
		{8131B4D5-9FCC-462A-B56D-53DA250658CD}.Debug|Any CPU.Build.0 = Debug|Any CPU
		{8131B4D5-9FCC-462A-B56D-53DA250658CD}.Release|Any CPU.ActiveCfg = Release|Any CPU
		{8131B4D5-9FCC-462A-B56D-53DA250658CD}.Release|Any CPU.Build.0 = Release|Any CPU
	EndGlobalSection
	GlobalSection(SolutionProperties) = preSolution
		HideSolutionNode = FALSE
	EndGlobalSection
	GlobalSection(ExtensibilityGlobals) = postSolution
		SolutionGuid = {0B76D2C6-1C29-4AD6-AAC0-3331C89D2F14}
	EndGlobalSection
EndGlobal
