
Microsoft Visual Studio Solution File, Format Version 12.00
# Visual Studio 15
VisualStudioVersion = 15.0.28307.779
MinimumVisualStudioVersion = 10.0.40219.1
Project("{FAE04EC0-301F-11D3-BF4B-00C04F79EFBC}") = "ForConsole1", "ForConsole1\ForConsole1.csproj", "{D9A14823-F8E1-4BE1-9F32-6098F9660C54}"
EndProject
Project("{FAE04EC0-301F-11D3-BF4B-00C04F79EFBC}") = "ForConsole2", "ForConsole2\ForConsole2.csproj", "{02C6A479-C5E3-4166-845A-267E0A3DFA62}"
EndProject
Project("{FAE04EC0-301F-11D3-BF4B-00C04F79EFBC}") = "ForConsole3", "ForConsole3\ForConsole3.csproj", "{91404034-CF24-4EF1-A95A-D3D1EDAE31D5}"
EndProject
Project("{FAE04EC0-301F-11D3-BF4B-00C04F79EFBC}") = "ForConsole4", "ForConsole4\ForConsole4.csproj", "{AE9A5448-7931-45C6-891C-13798C091EB5}"
EndProject
Project("{FAE04EC0-301F-11D3-BF4B-00C04F79EFBC}") = "ForConsole5", "ForConsole5\ForConsole5.csproj", "{D8F2EF40-EE6D-48DD-9B86-451B27D035C6}"
EndProject
Global
	GlobalSection(SolutionConfigurationPlatforms) = preSolution
		Debug|Any CPU = Debug|Any CPU
		Release|Any CPU = Release|Any CPU
	EndGlobalSection
	GlobalSection(ProjectConfigurationPlatforms) = postSolution
		{D9A14823-F8E1-4BE1-9F32-6098F9660C54}.Debug|Any CPU.ActiveCfg = Debug|Any CPU
		{D9A14823-F8E1-4BE1-9F32-6098F9660C54}.Debug|Any CPU.Build.0 = Debug|Any CPU
		{D9A14823-F8E1-4BE1-9F32-6098F9660C54}.Release|Any CPU.ActiveCfg = Release|Any CPU
		{D9A14823-F8E1-4BE1-9F32-6098F9660C54}.Release|Any CPU.Build.0 = Release|Any CPU
		{02C6A479-C5E3-4166-845A-267E0A3DFA62}.Debug|Any CPU.ActiveCfg = Debug|Any CPU
		{02C6A479-C5E3-4166-845A-267E0A3DFA62}.Debug|Any CPU.Build.0 = Debug|Any CPU
		{02C6A479-C5E3-4166-845A-267E0A3DFA62}.Release|Any CPU.ActiveCfg = Release|Any CPU
		{02C6A479-C5E3-4166-845A-267E0A3DFA62}.Release|Any CPU.Build.0 = Release|Any CPU
		{91404034-CF24-4EF1-A95A-D3D1EDAE31D5}.Debug|Any CPU.ActiveCfg = Debug|Any CPU
		{91404034-CF24-4EF1-A95A-D3D1EDAE31D5}.Debug|Any CPU.Build.0 = Debug|Any CPU
		{91404034-CF24-4EF1-A95A-D3D1EDAE31D5}.Release|Any CPU.ActiveCfg = Release|Any CPU
		{91404034-CF24-4EF1-A95A-D3D1EDAE31D5}.Release|Any CPU.Build.0 = Release|Any CPU
		{AE9A5448-7931-45C6-891C-13798C091EB5}.Debug|Any CPU.ActiveCfg = Debug|Any CPU
		{AE9A5448-7931-45C6-891C-13798C091EB5}.Debug|Any CPU.Build.0 = Debug|Any CPU
		{AE9A5448-7931-45C6-891C-13798C091EB5}.Release|Any CPU.ActiveCfg = Release|Any CPU
		{AE9A5448-7931-45C6-891C-13798C091EB5}.Release|Any CPU.Build.0 = Release|Any CPU
		{D8F2EF40-EE6D-48DD-9B86-451B27D035C6}.Debug|Any CPU.ActiveCfg = Debug|Any CPU
		{D8F2EF40-EE6D-48DD-9B86-451B27D035C6}.Debug|Any CPU.Build.0 = Debug|Any CPU
		{D8F2EF40-EE6D-48DD-9B86-451B27D035C6}.Release|Any CPU.ActiveCfg = Release|Any CPU
		{D8F2EF40-EE6D-48DD-9B86-451B27D035C6}.Release|Any CPU.Build.0 = Release|Any CPU
	EndGlobalSection
	GlobalSection(SolutionProperties) = preSolution
		HideSolutionNode = FALSE
	EndGlobalSection
	GlobalSection(ExtensibilityGlobals) = postSolution
		SolutionGuid = {00856090-DB87-4819-8E2D-E9DE29EA9ADD}
	EndGlobalSection
EndGlobal
